
Microsoft Visual Studio Solution File, Format Version 12.00
# Visual Studio Version 16
VisualStudioVersion = 16.0.31911.196
MinimumVisualStudioVersion = 10.0.40219.1
Project("{FAE04EC0-301F-11D3-BF4B-00C04F79EFBC}") = "Beauty", "Beauty\Beauty.csproj", "{09C05ABB-67D4-43E3-8945-6037CB1471A0}"
EndProject
Global
	GlobalSection(SolutionConfigurationPlatforms) = preSolution
		Debug|Any CPU = Debug|Any CPU
		Release|Any CPU = Release|Any CPU
	EndGlobalSection
	GlobalSection(ProjectConfigurationPlatforms) = postSolution
		{09C05ABB-67D4-43E3-8945-6037CB1471A0}.Debug|Any CPU.ActiveCfg = Debug|Any CPU
		{09C05ABB-67D4-43E3-8945-6037CB1471A0}.Debug|Any CPU.Build.0 = Debug|Any CPU
		{09C05ABB-67D4-43E3-8945-6037CB1471A0}.Release|Any CPU.ActiveCfg = Release|Any CPU
		{09C05ABB-67D4-43E3-8945-6037CB1471A0}.Release|Any CPU.Build.0 = Release|Any CPU
	EndGlobalSection
	GlobalSection(SolutionProperties) = preSolution
		HideSolutionNode = FALSE
	EndGlobalSection
	GlobalSection(ExtensibilityGlobals) = postSolution
		SolutionGuid = {CB0F063E-5737-4FDF-97ED-5327A787B112}
	EndGlobalSection
EndGlobal
