
Microsoft Visual Studio Solution File, Format Version 12.00
# Visual Studio Version 16
VisualStudioVersion = 16.0.31911.196
MinimumVisualStudioVersion = 10.0.40219.1
Project("{FAE04EC0-301F-11D3-BF4B-00C04F79EFBC}") = "exercises", "exercises\exercises.csproj", "{1EDE62BD-CE37-4D06-8358-F166AAC2530A}"
EndProject
Global
	GlobalSection(SolutionConfigurationPlatforms) = preSolution
		Debug|Any CPU = Debug|Any CPU
		Release|Any CPU = Release|Any CPU
	EndGlobalSection
	GlobalSection(ProjectConfigurationPlatforms) = postSolution
		{1EDE62BD-CE37-4D06-8358-F166AAC2530A}.Debug|Any CPU.ActiveCfg = Debug|Any CPU
		{1EDE62BD-CE37-4D06-8358-F166AAC2530A}.Debug|Any CPU.Build.0 = Debug|Any CPU
		{1EDE62BD-CE37-4D06-8358-F166AAC2530A}.Release|Any CPU.ActiveCfg = Release|Any CPU
		{1EDE62BD-CE37-4D06-8358-F166AAC2530A}.Release|Any CPU.Build.0 = Release|Any CPU
	EndGlobalSection
	GlobalSection(SolutionProperties) = preSolution
		HideSolutionNode = FALSE
	EndGlobalSection
	GlobalSection(ExtensibilityGlobals) = postSolution
		SolutionGuid = {AB5FC296-E086-4AFE-8C1F-4CFE1FE2DCE3}
	EndGlobalSection
EndGlobal
