
Microsoft Visual Studio Solution File, Format Version 12.00
# Visual Studio Version 16
VisualStudioVersion = 16.0.31911.196
MinimumVisualStudioVersion = 10.0.40219.1
Project("{FAE04EC0-301F-11D3-BF4B-00C04F79EFBC}") = "appointment", "appointment\appointment.csproj", "{4B6674D9-2467-4325-A820-11BC89A4D472}"
EndProject
Global
	GlobalSection(SolutionConfigurationPlatforms) = preSolution
		Debug|Any CPU = Debug|Any CPU
		Release|Any CPU = Release|Any CPU
	EndGlobalSection
	GlobalSection(ProjectConfigurationPlatforms) = postSolution
		{4B6674D9-2467-4325-A820-11BC89A4D472}.Debug|Any CPU.ActiveCfg = Debug|Any CPU
		{4B6674D9-2467-4325-A820-11BC89A4D472}.Debug|Any CPU.Build.0 = Debug|Any CPU
		{4B6674D9-2467-4325-A820-11BC89A4D472}.Release|Any CPU.ActiveCfg = Release|Any CPU
		{4B6674D9-2467-4325-A820-11BC89A4D472}.Release|Any CPU.Build.0 = Release|Any CPU
	EndGlobalSection
	GlobalSection(SolutionProperties) = preSolution
		HideSolutionNode = FALSE
	EndGlobalSection
	GlobalSection(ExtensibilityGlobals) = postSolution
		SolutionGuid = {4319E4F5-9F8D-4E28-8F86-10E396FD813F}
	EndGlobalSection
EndGlobal
