
Microsoft Visual Studio Solution File, Format Version 12.00
# Visual Studio Version 16
VisualStudioVersion = 16.0.31911.196
MinimumVisualStudioVersion = 10.0.40219.1
Project("{FAE04EC0-301F-11D3-BF4B-00C04F79EFBC}") = "carassembly", "carassembly\carassembly.csproj", "{C735AF63-86D1-4548-8B31-3D8B274568E3}"
EndProject
Global
	GlobalSection(SolutionConfigurationPlatforms) = preSolution
		Debug|Any CPU = Debug|Any CPU
		Release|Any CPU = Release|Any CPU
	EndGlobalSection
	GlobalSection(ProjectConfigurationPlatforms) = postSolution
		{C735AF63-86D1-4548-8B31-3D8B274568E3}.Debug|Any CPU.ActiveCfg = Debug|Any CPU
		{C735AF63-86D1-4548-8B31-3D8B274568E3}.Debug|Any CPU.Build.0 = Debug|Any CPU
		{C735AF63-86D1-4548-8B31-3D8B274568E3}.Release|Any CPU.ActiveCfg = Release|Any CPU
		{C735AF63-86D1-4548-8B31-3D8B274568E3}.Release|Any CPU.Build.0 = Release|Any CPU
	EndGlobalSection
	GlobalSection(SolutionProperties) = preSolution
		HideSolutionNode = FALSE
	EndGlobalSection
	GlobalSection(ExtensibilityGlobals) = postSolution
		SolutionGuid = {493AE67A-5D30-40D8-B825-D14B1C65D95E}
	EndGlobalSection
EndGlobal
